
Microsoft Visual Studio Solution File, Format Version 12.00
# Visual Studio Version 17
VisualStudioVersion = 17.14.36327.8 d17.14
MinimumVisualStudioVersion = 10.0.40219.1
Project("{FAE04EC0-301F-11D3-BF4B-00C04F79EFBC}") = "PersonalMovieLibrary🎬", "PersonalMovieLibrary🎬.csproj", "{A5055505-10C9-48E7-9F18-0F8DE487A298}"
EndProject
Global
	GlobalSection(SolutionConfigurationPlatforms) = preSolution
		Debug|Any CPU = Debug|Any CPU
		Release|Any CPU = Release|Any CPU
	EndGlobalSection
	GlobalSection(ProjectConfigurationPlatforms) = postSolution
		{A5055505-10C9-48E7-9F18-0F8DE487A298}.Debug|Any CPU.ActiveCfg = Debug|Any CPU
		{A5055505-10C9-48E7-9F18-0F8DE487A298}.Debug|Any CPU.Build.0 = Debug|Any CPU
		{A5055505-10C9-48E7-9F18-0F8DE487A298}.Release|Any CPU.ActiveCfg = Release|Any CPU
		{A5055505-10C9-48E7-9F18-0F8DE487A298}.Release|Any CPU.Build.0 = Release|Any CPU
	EndGlobalSection
	GlobalSection(SolutionProperties) = preSolution
		HideSolutionNode = FALSE
	EndGlobalSection
	GlobalSection(ExtensibilityGlobals) = postSolution
		SolutionGuid = {D346A52A-C7D6-499C-A6E4-4B3219C3BDC9}
	EndGlobalSection
EndGlobal
